
Microsoft Visual Studio Solution File, Format Version 12.00
# Visual Studio Version 17
VisualStudioVersion = 17.4.33122.133
MinimumVisualStudioVersion = 10.0.40219.1
Project("{9A19103F-16F7-4668-BE54-9A1E7A4F7556}") = "MessengerLibrary", "MessengerLibrary\MessengerLibrary.csproj", "{F9690EBC-14D8-4465-8B0D-975902C381BF}"
EndProject
Project("{9A19103F-16F7-4668-BE54-9A1E7A4F7556}") = "MessengerShell", "MessengerShell\MessengerShell.csproj", "{CF7C7737-1739-408D-B50A-C44483C667B9}"
EndProject
Global
	GlobalSection(SolutionConfigurationPlatforms) = preSolution
		Debug|Any CPU = Debug|Any CPU
		Release|Any CPU = Release|Any CPU
	EndGlobalSection
	GlobalSection(ProjectConfigurationPlatforms) = postSolution
		{F9690EBC-14D8-4465-8B0D-975902C381BF}.Debug|Any CPU.ActiveCfg = Debug|Any CPU
		{F9690EBC-14D8-4465-8B0D-975902C381BF}.Debug|Any CPU.Build.0 = Debug|Any CPU
		{F9690EBC-14D8-4465-8B0D-975902C381BF}.Release|Any CPU.ActiveCfg = Release|Any CPU
		{F9690EBC-14D8-4465-8B0D-975902C381BF}.Release|Any CPU.Build.0 = Release|Any CPU
		{CF7C7737-1739-408D-B50A-C44483C667B9}.Debug|Any CPU.ActiveCfg = Debug|Any CPU
		{CF7C7737-1739-408D-B50A-C44483C667B9}.Debug|Any CPU.Build.0 = Debug|Any CPU
		{CF7C7737-1739-408D-B50A-C44483C667B9}.Release|Any CPU.ActiveCfg = Release|Any CPU
		{CF7C7737-1739-408D-B50A-C44483C667B9}.Release|Any CPU.Build.0 = Release|Any CPU
	EndGlobalSection
	GlobalSection(SolutionProperties) = preSolution
		HideSolutionNode = FALSE
	EndGlobalSection
	GlobalSection(ExtensibilityGlobals) = postSolution
		SolutionGuid = {3B7B6775-10AE-433D-A493-B84A811070C1}
	EndGlobalSection
EndGlobal
